
Microsoft Visual Studio Solution File, Format Version 12.00
# Visual Studio Version 16
VisualStudioVersion = 16.0.31729.503
MinimumVisualStudioVersion = 10.0.40219.1
Project("{FAE04EC0-301F-11D3-BF4B-00C04F79EFBC}") = "Monopoly", "Monopoly.csproj", "{AE613050-50A2-4DFE-98EF-320051FC919C}"
EndProject
Global
	GlobalSection(SolutionConfigurationPlatforms) = preSolution
		Debug|Any CPU = Debug|Any CPU
		Release|Any CPU = Release|Any CPU
	EndGlobalSection
	GlobalSection(ProjectConfigurationPlatforms) = postSolution
		{AE613050-50A2-4DFE-98EF-320051FC919C}.Debug|Any CPU.ActiveCfg = Debug|Any CPU
		{AE613050-50A2-4DFE-98EF-320051FC919C}.Debug|Any CPU.Build.0 = Debug|Any CPU
		{AE613050-50A2-4DFE-98EF-320051FC919C}.Release|Any CPU.ActiveCfg = Release|Any CPU
		{AE613050-50A2-4DFE-98EF-320051FC919C}.Release|Any CPU.Build.0 = Release|Any CPU
	EndGlobalSection
	GlobalSection(SolutionProperties) = preSolution
		HideSolutionNode = FALSE
	EndGlobalSection
	GlobalSection(ExtensibilityGlobals) = postSolution
		SolutionGuid = {02BD1FC9-3DC6-4D5A-BDC8-5737A8472542}
	EndGlobalSection
EndGlobal
